
Microsoft Visual Studio Solution File, Format Version 12.00
# Visual Studio Version 17
VisualStudioVersion = 17.0.31717.71
MinimumVisualStudioVersion = 10.0.40219.1
Project("{9A19103F-16F7-4668-BE54-9A1E7A4F7556}") = "RMReader", "RMReader\RMReader.csproj", "{D387274D-AAD4-49F4-8DC4-AC8E2542CA07}"
EndProject
Project("{9A19103F-16F7-4668-BE54-9A1E7A4F7556}") = "RMWriter", "RMWriter\RMWriter.csproj", "{18CC9F46-2C81-49D0-A8EB-3B282F111E27}"
EndProject
Project("{2150E333-8FDC-42A3-9474-1A3956D46DE8}") = "Testing", "Testing", "{1B40D2F1-2382-4EE1-BA29-75C6EC1EA7BA}"
EndProject
Project("{2150E333-8FDC-42A3-9474-1A3956D46DE8}") = "Apps", "Apps", "{569CB0C0-1439-464C-B733-93884595E0D6}"
EndProject
Project("{9A19103F-16F7-4668-BE54-9A1E7A4F7556}") = "ResourceManagerUI", "Apps\ResourceManagemerUI\ResourceManagerUI.csproj", "{9E0A1147-97BB-4E30-AD4F-3B08EB26C66C}"
	ProjectSection(ProjectDependencies) = postProject
		{18CC9F46-2C81-49D0-A8EB-3B282F111E27} = {18CC9F46-2C81-49D0-A8EB-3B282F111E27}
		{D387274D-AAD4-49F4-8DC4-AC8E2542CA07} = {D387274D-AAD4-49F4-8DC4-AC8E2542CA07}
	EndProjectSection
EndProject
Project("{9A19103F-16F7-4668-BE54-9A1E7A4F7556}") = "Tests", "Testing\Tests\Tests.csproj", "{369234E7-DC39-4D4D-81E8-4B535A14B57D}"
	ProjectSection(ProjectDependencies) = postProject
		{18CC9F46-2C81-49D0-A8EB-3B282F111E27} = {18CC9F46-2C81-49D0-A8EB-3B282F111E27}
		{D387274D-AAD4-49F4-8DC4-AC8E2542CA07} = {D387274D-AAD4-49F4-8DC4-AC8E2542CA07}
	EndProjectSection
EndProject
Project("{9A19103F-16F7-4668-BE54-9A1E7A4F7556}") = "Benchmarks", "Testing\Benchmarks\Benchmarks.csproj", "{10C55B33-8E98-41AD-94D6-EABA524286BC}"
	ProjectSection(ProjectDependencies) = postProject
		{D387274D-AAD4-49F4-8DC4-AC8E2542CA07} = {D387274D-AAD4-49F4-8DC4-AC8E2542CA07}
	EndProjectSection
EndProject
Global
	GlobalSection(SolutionConfigurationPlatforms) = preSolution
		Debug|Any CPU = Debug|Any CPU
		Debug|arm64 = Debug|arm64
		Debug|x64 = Debug|x64
		Debug|x86 = Debug|x86
		Release|Any CPU = Release|Any CPU
		Release|arm64 = Release|arm64
		Release|x64 = Release|x64
		Release|x86 = Release|x86
	EndGlobalSection
	GlobalSection(ProjectConfigurationPlatforms) = postSolution
		{D387274D-AAD4-49F4-8DC4-AC8E2542CA07}.Debug|Any CPU.ActiveCfg = Debug|Any CPU
		{D387274D-AAD4-49F4-8DC4-AC8E2542CA07}.Debug|Any CPU.Build.0 = Debug|Any CPU
		{D387274D-AAD4-49F4-8DC4-AC8E2542CA07}.Debug|arm64.ActiveCfg = Debug|Any CPU
		{D387274D-AAD4-49F4-8DC4-AC8E2542CA07}.Debug|arm64.Build.0 = Debug|Any CPU
		{D387274D-AAD4-49F4-8DC4-AC8E2542CA07}.Debug|x64.ActiveCfg = Debug|Any CPU
		{D387274D-AAD4-49F4-8DC4-AC8E2542CA07}.Debug|x64.Build.0 = Debug|Any CPU
		{D387274D-AAD4-49F4-8DC4-AC8E2542CA07}.Debug|x86.ActiveCfg = Debug|Any CPU
		{D387274D-AAD4-49F4-8DC4-AC8E2542CA07}.Debug|x86.Build.0 = Debug|Any CPU
		{D387274D-AAD4-49F4-8DC4-AC8E2542CA07}.Release|Any CPU.ActiveCfg = Release|Any CPU
		{D387274D-AAD4-49F4-8DC4-AC8E2542CA07}.Release|Any CPU.Build.0 = Release|Any CPU
		{D387274D-AAD4-49F4-8DC4-AC8E2542CA07}.Release|arm64.ActiveCfg = Release|Any CPU
		{D387274D-AAD4-49F4-8DC4-AC8E2542CA07}.Release|arm64.Build.0 = Release|Any CPU
		{D387274D-AAD4-49F4-8DC4-AC8E2542CA07}.Release|x64.ActiveCfg = Release|Any CPU
		{D387274D-AAD4-49F4-8DC4-AC8E2542CA07}.Release|x64.Build.0 = Release|Any CPU
		{D387274D-AAD4-49F4-8DC4-AC8E2542CA07}.Release|x86.ActiveCfg = Release|Any CPU
		{D387274D-AAD4-49F4-8DC4-AC8E2542CA07}.Release|x86.Build.0 = Release|Any CPU
		{18CC9F46-2C81-49D0-A8EB-3B282F111E27}.Debug|Any CPU.ActiveCfg = Debug|Any CPU
		{18CC9F46-2C81-49D0-A8EB-3B282F111E27}.Debug|Any CPU.Build.0 = Debug|Any CPU
		{18CC9F46-2C81-49D0-A8EB-3B282F111E27}.Debug|arm64.ActiveCfg = Debug|Any CPU
		{18CC9F46-2C81-49D0-A8EB-3B282F111E27}.Debug|arm64.Build.0 = Debug|Any CPU
		{18CC9F46-2C81-49D0-A8EB-3B282F111E27}.Debug|x64.ActiveCfg = Debug|Any CPU
		{18CC9F46-2C81-49D0-A8EB-3B282F111E27}.Debug|x64.Build.0 = Debug|Any CPU
		{18CC9F46-2C81-49D0-A8EB-3B282F111E27}.Debug|x86.ActiveCfg = Debug|Any CPU
		{18CC9F46-2C81-49D0-A8EB-3B282F111E27}.Debug|x86.Build.0 = Debug|Any CPU
		{18CC9F46-2C81-49D0-A8EB-3B282F111E27}.Release|Any CPU.ActiveCfg = Release|Any CPU
		{18CC9F46-2C81-49D0-A8EB-3B282F111E27}.Release|Any CPU.Build.0 = Release|Any CPU
		{18CC9F46-2C81-49D0-A8EB-3B282F111E27}.Release|arm64.ActiveCfg = Release|Any CPU
		{18CC9F46-2C81-49D0-A8EB-3B282F111E27}.Release|arm64.Build.0 = Release|Any CPU
		{18CC9F46-2C81-49D0-A8EB-3B282F111E27}.Release|x64.ActiveCfg = Release|Any CPU
		{18CC9F46-2C81-49D0-A8EB-3B282F111E27}.Release|x64.Build.0 = Release|Any CPU
		{18CC9F46-2C81-49D0-A8EB-3B282F111E27}.Release|x86.ActiveCfg = Release|Any CPU
		{18CC9F46-2C81-49D0-A8EB-3B282F111E27}.Release|x86.Build.0 = Release|Any CPU
		{9E0A1147-97BB-4E30-AD4F-3B08EB26C66C}.Debug|Any CPU.ActiveCfg = Debug|Any CPU
		{9E0A1147-97BB-4E30-AD4F-3B08EB26C66C}.Debug|Any CPU.Build.0 = Debug|Any CPU
		{9E0A1147-97BB-4E30-AD4F-3B08EB26C66C}.Debug|arm64.ActiveCfg = Debug|Any CPU
		{9E0A1147-97BB-4E30-AD4F-3B08EB26C66C}.Debug|arm64.Build.0 = Debug|Any CPU
		{9E0A1147-97BB-4E30-AD4F-3B08EB26C66C}.Debug|x64.ActiveCfg = Debug|Any CPU
		{9E0A1147-97BB-4E30-AD4F-3B08EB26C66C}.Debug|x64.Build.0 = Debug|Any CPU
		{9E0A1147-97BB-4E30-AD4F-3B08EB26C66C}.Debug|x86.ActiveCfg = Debug|Any CPU
		{9E0A1147-97BB-4E30-AD4F-3B08EB26C66C}.Debug|x86.Build.0 = Debug|Any CPU
		{9E0A1147-97BB-4E30-AD4F-3B08EB26C66C}.Release|Any CPU.ActiveCfg = Release|Any CPU
		{9E0A1147-97BB-4E30-AD4F-3B08EB26C66C}.Release|Any CPU.Build.0 = Release|Any CPU
		{9E0A1147-97BB-4E30-AD4F-3B08EB26C66C}.Release|arm64.ActiveCfg = Release|Any CPU
		{9E0A1147-97BB-4E30-AD4F-3B08EB26C66C}.Release|arm64.Build.0 = Release|Any CPU
		{9E0A1147-97BB-4E30-AD4F-3B08EB26C66C}.Release|x64.ActiveCfg = Release|Any CPU
		{9E0A1147-97BB-4E30-AD4F-3B08EB26C66C}.Release|x64.Build.0 = Release|Any CPU
		{9E0A1147-97BB-4E30-AD4F-3B08EB26C66C}.Release|x86.ActiveCfg = Release|Any CPU
		{9E0A1147-97BB-4E30-AD4F-3B08EB26C66C}.Release|x86.Build.0 = Release|Any CPU
		{369234E7-DC39-4D4D-81E8-4B535A14B57D}.Debug|Any CPU.ActiveCfg = Debug|Any CPU
		{369234E7-DC39-4D4D-81E8-4B535A14B57D}.Debug|Any CPU.Build.0 = Debug|Any CPU
		{369234E7-DC39-4D4D-81E8-4B535A14B57D}.Debug|arm64.ActiveCfg = Debug|Any CPU
		{369234E7-DC39-4D4D-81E8-4B535A14B57D}.Debug|arm64.Build.0 = Debug|Any CPU
		{369234E7-DC39-4D4D-81E8-4B535A14B57D}.Debug|x64.ActiveCfg = Debug|Any CPU
		{369234E7-DC39-4D4D-81E8-4B535A14B57D}.Debug|x64.Build.0 = Debug|Any CPU
		{369234E7-DC39-4D4D-81E8-4B535A14B57D}.Debug|x86.ActiveCfg = Debug|Any CPU
		{369234E7-DC39-4D4D-81E8-4B535A14B57D}.Debug|x86.Build.0 = Debug|Any CPU
		{369234E7-DC39-4D4D-81E8-4B535A14B57D}.Release|Any CPU.ActiveCfg = Release|Any CPU
		{369234E7-DC39-4D4D-81E8-4B535A14B57D}.Release|Any CPU.Build.0 = Release|Any CPU
		{369234E7-DC39-4D4D-81E8-4B535A14B57D}.Release|arm64.ActiveCfg = Release|Any CPU
		{369234E7-DC39-4D4D-81E8-4B535A14B57D}.Release|arm64.Build.0 = Release|Any CPU
		{369234E7-DC39-4D4D-81E8-4B535A14B57D}.Release|x64.ActiveCfg = Release|Any CPU
		{369234E7-DC39-4D4D-81E8-4B535A14B57D}.Release|x64.Build.0 = Release|Any CPU
		{369234E7-DC39-4D4D-81E8-4B535A14B57D}.Release|x86.ActiveCfg = Release|Any CPU
		{369234E7-DC39-4D4D-81E8-4B535A14B57D}.Release|x86.Build.0 = Release|Any CPU
		{10C55B33-8E98-41AD-94D6-EABA524286BC}.Debug|Any CPU.ActiveCfg = Debug|Any CPU
		{10C55B33-8E98-41AD-94D6-EABA524286BC}.Debug|Any CPU.Build.0 = Debug|Any CPU
		{10C55B33-8E98-41AD-94D6-EABA524286BC}.Debug|arm64.ActiveCfg = Debug|Any CPU
		{10C55B33-8E98-41AD-94D6-EABA524286BC}.Debug|arm64.Build.0 = Debug|Any CPU
		{10C55B33-8E98-41AD-94D6-EABA524286BC}.Debug|x64.ActiveCfg = Debug|Any CPU
		{10C55B33-8E98-41AD-94D6-EABA524286BC}.Debug|x64.Build.0 = Debug|Any CPU
		{10C55B33-8E98-41AD-94D6-EABA524286BC}.Debug|x86.ActiveCfg = Debug|Any CPU
		{10C55B33-8E98-41AD-94D6-EABA524286BC}.Debug|x86.Build.0 = Debug|Any CPU
		{10C55B33-8E98-41AD-94D6-EABA524286BC}.Release|Any CPU.ActiveCfg = Release|Any CPU
		{10C55B33-8E98-41AD-94D6-EABA524286BC}.Release|Any CPU.Build.0 = Release|Any CPU
		{10C55B33-8E98-41AD-94D6-EABA524286BC}.Release|arm64.ActiveCfg = Release|Any CPU
		{10C55B33-8E98-41AD-94D6-EABA524286BC}.Release|arm64.Build.0 = Release|Any CPU
		{10C55B33-8E98-41AD-94D6-EABA524286BC}.Release|x64.ActiveCfg = Release|Any CPU
		{10C55B33-8E98-41AD-94D6-EABA524286BC}.Release|x64.Build.0 = Release|Any CPU
		{10C55B33-8E98-41AD-94D6-EABA524286BC}.Release|x86.ActiveCfg = Release|Any CPU
		{10C55B33-8E98-41AD-94D6-EABA524286BC}.Release|x86.Build.0 = Release|Any CPU
	EndGlobalSection
	GlobalSection(SolutionProperties) = preSolution
		HideSolutionNode = FALSE
	EndGlobalSection
	GlobalSection(NestedProjects) = preSolution
		{9E0A1147-97BB-4E30-AD4F-3B08EB26C66C} = {569CB0C0-1439-464C-B733-93884595E0D6}
		{369234E7-DC39-4D4D-81E8-4B535A14B57D} = {1B40D2F1-2382-4EE1-BA29-75C6EC1EA7BA}
		{10C55B33-8E98-41AD-94D6-EABA524286BC} = {1B40D2F1-2382-4EE1-BA29-75C6EC1EA7BA}
	EndGlobalSection
	GlobalSection(ExtensibilityGlobals) = postSolution
		SolutionGuid = {06060452-0842-4FAC-BE6C-100FC64A587A}
	EndGlobalSection
EndGlobal
